// !$*UTF8*$!
{
	archiveVersion = 1;
	classes = {
	};
	objectVersion = 55;
	objects = {

/* Begin PBXBuildFile section */
		836777321649A5EBD42B7B50 /* Pods_AppAnimation.framework in Frameworks */ = {isa = PBXBuildFile; fileRef = 46EA9D26D88F7BAE45CED983 /* Pods_AppAnimation.framework */; };
		F704C32427FD174100BBDD27 /* AppDelegate.swift in Sources */ = {isa = PBXBuildFile; fileRef = F704C32327FD174100BBDD27 /* AppDelegate.swift */; };
		F704C32627FD174100BBDD27 /* SceneDelegate.swift in Sources */ = {isa = PBXBuildFile; fileRef = F704C32527FD174100BBDD27 /* SceneDelegate.swift */; };
		F704C32827FD174100BBDD27 /* ViewController.swift in Sources */ = {isa = PBXBuildFile; fileRef = F704C32727FD174100BBDD27 /* ViewController.swift */; };
		F704C32B27FD174100BBDD27 /* Main.storyboard in Resources */ = {isa = PBXBuildFile; fileRef = F704C32927FD174100BBDD27 /* Main.storyboard */; };
		F704C32D27FD174200BBDD27 /* Assets.xcassets in Resources */ = {isa = PBXBuildFile; fileRef = F704C32C27FD174200BBDD27 /* Assets.xcassets */; };
		F704C33027FD174200BBDD27 /* LaunchScreen.storyboard in Resources */ = {isa = PBXBuildFile; fileRef = F704C32E27FD174200BBDD27 /* LaunchScreen.storyboard */; };
		F704C33C27FDB9CD00BBDD27 /* Animation.swift in Sources */ = {isa = PBXBuildFile; fileRef = F704C33B27FDB9CD00BBDD27 /* Animation.swift */; };
		F704C33F27FDBA0F00BBDD27 /* AnimationData.swift in Sources */ = {isa = PBXBuildFile; fileRef = F704C33E27FDBA0F00BBDD27 /* AnimationData.swift */; };
/* End PBXBuildFile section */

/* Begin PBXFileReference section */
		46EA9D26D88F7BAE45CED983 /* Pods_AppAnimation.framework */ = {isa = PBXFileReference; explicitFileType = wrapper.framework; includeInIndex = 0; path = Pods_AppAnimation.framework; sourceTree = BUILT_PRODUCTS_DIR; };
		89B8A3A3A6D2C55E0050A7B4 /* Pods-AppAnimation.release.xcconfig */ = {isa = PBXFileReference; includeInIndex = 1; lastKnownFileType = text.xcconfig; name = "Pods-AppAnimation.release.xcconfig"; path = "Target Support Files/Pods-AppAnimation/Pods-AppAnimation.release.xcconfig"; sourceTree = "<group>"; };
		B18B50E7F42DDA00B51BC5DE /* Pods-AppAnimation.debug.xcconfig */ = {isa = PBXFileReference; includeInIndex = 1; lastKnownFileType = text.xcconfig; name = "Pods-AppAnimation.debug.xcconfig"; path = "Target Support Files/Pods-AppAnimation/Pods-AppAnimation.debug.xcconfig"; sourceTree = "<group>"; };
		F704C32027FD174100BBDD27 /* AppAnimation.app */ = {isa = PBXFileReference; explicitFileType = wrapper.application; includeInIndex = 0; path = AppAnimation.app; sourceTree = BUILT_PRODUCTS_DIR; };
		F704C32327FD174100BBDD27 /* AppDelegate.swift */ = {isa = PBXFileReference; lastKnownFileType = sourcecode.swift; path = AppDelegate.swift; sourceTree = "<group>"; };
		F704C32527FD174100BBDD27 /* SceneDelegate.swift */ = {isa = PBXFileReference; lastKnownFileType = sourcecode.swift; path = SceneDelegate.swift; sourceTree = "<group>"; };
		F704C32727FD174100BBDD27 /* ViewController.swift */ = {isa = PBXFileReference; lastKnownFileType = sourcecode.swift; path = ViewController.swift; sourceTree = "<group>"; };
		F704C32A27FD174100BBDD27 /* Base */ = {isa = PBXFileReference; lastKnownFileType = file.storyboard; name = Base; path = Base.lproj/Main.storyboard; sourceTree = "<group>"; };
		F704C32C27FD174200BBDD27 /* Assets.xcassets */ = {isa = PBXFileReference; lastKnownFileType = folder.assetcatalog; path = Assets.xcassets; sourceTree = "<group>"; };
		F704C32F27FD174200BBDD27 /* Base */ = {isa = PBXFileReference; lastKnownFileType = file.storyboard; name = Base; path = Base.lproj/LaunchScreen.storyboard; sourceTree = "<group>"; };
		F704C33127FD174200BBDD27 /* Info.plist */ = {isa = PBXFileReference; lastKnownFileType = text.plist.xml; path = Info.plist; sourceTree = "<group>"; };
		F704C33B27FDB9CD00BBDD27 /* Animation.swift */ = {isa = PBXFileReference; lastKnownFileType = sourcecode.swift; path = Animation.swift; sourceTree = "<group>"; };
		F704C33E27FDBA0F00BBDD27 /* AnimationData.swift */ = {isa = PBXFileReference; lastKnownFileType = sourcecode.swift; path = AnimationData.swift; sourceTree = "<group>"; };
/* End PBXFileReference section */

/* Begin PBXFrameworksBuildPhase section */
		F704C31D27FD174100BBDD27 /* Frameworks */ = {
			isa = PBXFrameworksBuildPhase;
			buildActionMask = 2147483647;
			files = (
				836777321649A5EBD42B7B50 /* Pods_AppAnimation.framework in Frameworks */,
			);
			runOnlyForDeploymentPostprocessing = 0;
		};
/* End PBXFrameworksBuildPhase section */

/* Begin PBXGroup section */
		3B4C8055A1F78FB167820EC3 /* Frameworks */ = {
			isa = PBXGroup;
			children = (
				46EA9D26D88F7BAE45CED983 /* Pods_AppAnimation.framework */,
			);
			name = Frameworks;
			sourceTree = "<group>";
		};
		F6B6ACBE635D2DA92DFA054B /* Pods */ = {
			isa = PBXGroup;
			children = (
				B18B50E7F42DDA00B51BC5DE /* Pods-AppAnimation.debug.xcconfig */,
				89B8A3A3A6D2C55E0050A7B4 /* Pods-AppAnimation.release.xcconfig */,
			);
			path = Pods;
			sourceTree = "<group>";
		};
		F704C31727FD174100BBDD27 = {
			isa = PBXGroup;
			children = (
				F704C32227FD174100BBDD27 /* AppAnimation */,
				F704C32127FD174100BBDD27 /* Products */,
				F6B6ACBE635D2DA92DFA054B /* Pods */,
				3B4C8055A1F78FB167820EC3 /* Frameworks */,
			);
			sourceTree = "<group>";
		};
		F704C32127FD174100BBDD27 /* Products */ = {
			isa = PBXGroup;
			children = (
				F704C32027FD174100BBDD27 /* AppAnimation.app */,
			);
			name = Products;
			sourceTree = "<group>";
		};
		F704C32227FD174100BBDD27 /* AppAnimation */ = {
			isa = PBXGroup;
			children = (
				F704C33D27FDB9ED00BBDD27 /* Models */,
				F704C34027FDBA2700BBDD27 /* Services */,
				F704C33727FDB92A00BBDD27 /* App */,
				F704C33827FDB95000BBDD27 /* ViewControllers */,
				F704C33927FDB96D00BBDD27 /* Storyboards */,
				F704C33A27FDB98600BBDD27 /* Resourses */,
			);
			path = AppAnimation;
			sourceTree = "<group>";
		};
		F704C33727FDB92A00BBDD27 /* App */ = {
			isa = PBXGroup;
			children = (
				F704C33127FD174200BBDD27 /* Info.plist */,
				F704C32527FD174100BBDD27 /* SceneDelegate.swift */,
				F704C32327FD174100BBDD27 /* AppDelegate.swift */,
			);
			path = App;
			sourceTree = "<group>";
		};
		F704C33827FDB95000BBDD27 /* ViewControllers */ = {
			isa = PBXGroup;
			children = (
				F704C32727FD174100BBDD27 /* ViewController.swift */,
			);
			path = ViewControllers;
			sourceTree = "<group>";
		};
		F704C33927FDB96D00BBDD27 /* Storyboards */ = {
			isa = PBXGroup;
			children = (
				F704C32E27FD174200BBDD27 /* LaunchScreen.storyboard */,
				F704C32927FD174100BBDD27 /* Main.storyboard */,
			);
			path = Storyboards;
			sourceTree = "<group>";
		};
		F704C33A27FDB98600BBDD27 /* Resourses */ = {
			isa = PBXGroup;
			children = (
				F704C32C27FD174200BBDD27 /* Assets.xcassets */,
			);
			path = Resourses;
			sourceTree = "<group>";
		};
		F704C33D27FDB9ED00BBDD27 /* Models */ = {
			isa = PBXGroup;
			children = (
				F704C33B27FDB9CD00BBDD27 /* Animation.swift */,
			);
			path = Models;
			sourceTree = "<group>";
		};
		F704C34027FDBA2700BBDD27 /* Services */ = {
			isa = PBXGroup;
			children = (
				F704C33E27FDBA0F00BBDD27 /* AnimationData.swift */,
			);
			path = Services;
			sourceTree = "<group>";
		};
/* End PBXGroup section */

/* Begin PBXNativeTarget section */
		F704C31F27FD174100BBDD27 /* AppAnimation */ = {
			isa = PBXNativeTarget;
			buildConfigurationList = F704C33427FD174200BBDD27 /* Build configuration list for PBXNativeTarget "AppAnimation" */;
			buildPhases = (
				CC97A7AC8F9DBC90B475BD29 /* [CP] Check Pods Manifest.lock */,
				F704C31C27FD174100BBDD27 /* Sources */,
				F704C31D27FD174100BBDD27 /* Frameworks */,
				F704C31E27FD174100BBDD27 /* Resources */,
				DD560B42D3247584BE0F77A3 /* [CP] Embed Pods Frameworks */,
			);
			buildRules = (
			);
			dependencies = (
			);
			name = AppAnimation;
			productName = AppAnimation;
			productReference = F704C32027FD174100BBDD27 /* AppAnimation.app */;
			productType = "com.apple.product-type.application";
		};
/* End PBXNativeTarget section */

/* Begin PBXProject section */
		F704C31827FD174100BBDD27 /* Project object */ = {
			isa = PBXProject;
			attributes = {
				BuildIndependentTargetsInParallel = 1;
				LastSwiftUpdateCheck = 1330;
				LastUpgradeCheck = 1330;
				TargetAttributes = {
					F704C31F27FD174100BBDD27 = {
						CreatedOnToolsVersion = 13.3;
					};
				};
			};
			buildConfigurationList = F704C31B27FD174100BBDD27 /* Build configuration list for PBXProject "AppAnimation" */;
			compatibilityVersion = "Xcode 13.0";
			developmentRegion = en;
			hasScannedForEncodings = 0;
			knownRegions = (
				en,
				Base,
			);
			mainGroup = F704C31727FD174100BBDD27;
			productRefGroup = F704C32127FD174100BBDD27 /* Products */;
			projectDirPath = "";
			projectRoot = "";
			targets = (
				F704C31F27FD174100BBDD27 /* AppAnimation */,
			);
		};
/* End PBXProject section */

/* Begin PBXResourcesBuildPhase section */
		F704C31E27FD174100BBDD27 /* Resources */ = {
			isa = PBXResourcesBuildPhase;
			buildActionMask = 2147483647;
			files = (
				F704C33027FD174200BBDD27 /* LaunchScreen.storyboard in Resources */,
				F704C32D27FD174200BBDD27 /* Assets.xcassets in Resources */,
				F704C32B27FD174100BBDD27 /* Main.storyboard in Resources */,
			);
			runOnlyForDeploymentPostprocessing = 0;
		};
/* End PBXResourcesBuildPhase section */

/* Begin PBXShellScriptBuildPhase section */
		CC97A7AC8F9DBC90B475BD29 /* [CP] Check Pods Manifest.lock */ = {
			isa = PBXShellScriptBuildPhase;
			buildActionMask = 2147483647;
			files = (
			);
			inputFileListPaths = (
			);
			inputPaths = (
				"${PODS_PODFILE_DIR_PATH}/Podfile.lock",
				"${PODS_ROOT}/Manifest.lock",
			);
			name = "[CP] Check Pods Manifest.lock";
			outputFileListPaths = (
			);
			outputPaths = (
				"$(DERIVED_FILE_DIR)/Pods-AppAnimation-checkManifestLockResult.txt",
			);
			runOnlyForDeploymentPostprocessing = 0;
			shellPath = /bin/sh;
			shellScript = "diff \"${PODS_PODFILE_DIR_PATH}/Podfile.lock\" \"${PODS_ROOT}/Manifest.lock\" > /dev/null\nif [ $? != 0 ] ; then\n    # print error to STDERR\n    echo \"error: The sandbox is not in sync with the Podfile.lock. Run 'pod install' or update your CocoaPods installation.\" >&2\n    exit 1\nfi\n# This output is used by Xcode 'outputs' to avoid re-running this script phase.\necho \"SUCCESS\" > \"${SCRIPT_OUTPUT_FILE_0}\"\n";
			showEnvVarsInLog = 0;
		};
		DD560B42D3247584BE0F77A3 /* [CP] Embed Pods Frameworks */ = {
			isa = PBXShellScriptBuildPhase;
			buildActionMask = 2147483647;
			files = (
			);
			inputFileListPaths = (
				"${PODS_ROOT}/Target Support Files/Pods-AppAnimation/Pods-AppAnimation-frameworks-${CONFIGURATION}-input-files.xcfilelist",
			);
			name = "[CP] Embed Pods Frameworks";
			outputFileListPaths = (
				"${PODS_ROOT}/Target Support Files/Pods-AppAnimation/Pods-AppAnimation-frameworks-${CONFIGURATION}-output-files.xcfilelist",
			);
			runOnlyForDeploymentPostprocessing = 0;
			shellPath = /bin/sh;
			shellScript = "\"${PODS_ROOT}/Target Support Files/Pods-AppAnimation/Pods-AppAnimation-frameworks.sh\"\n";
			showEnvVarsInLog = 0;
		};
/* End PBXShellScriptBuildPhase section */

/* Begin PBXSourcesBuildPhase section */
		F704C31C27FD174100BBDD27 /* Sources */ = {
			isa = PBXSourcesBuildPhase;
			buildActionMask = 2147483647;
			files = (
				F704C32827FD174100BBDD27 /* ViewController.swift in Sources */,
				F704C33F27FDBA0F00BBDD27 /* AnimationData.swift in Sources */,
				F704C32427FD174100BBDD27 /* AppDelegate.swift in Sources */,
				F704C33C27FDB9CD00BBDD27 /* Animation.swift in Sources */,
				F704C32627FD174100BBDD27 /* SceneDelegate.swift in Sources */,
			);
			runOnlyForDeploymentPostprocessing = 0;
		};
/* End PBXSourcesBuildPhase section */

/* Begin PBXVariantGroup section */
		F704C32927FD174100BBDD27 /* Main.storyboard */ = {
			isa = PBXVariantGroup;
			children = (
				F704C32A27FD174100BBDD27 /* Base */,
			);
			name = Main.storyboard;
			sourceTree = "<group>";
		};
		F704C32E27FD174200BBDD27 /* LaunchScreen.storyboard */ = {
			isa = PBXVariantGroup;
			children = (
				F704C32F27FD174200BBDD27 /* Base */,
			);
			name = LaunchScreen.storyboard;
			sourceTree = "<group>";
		};
/* End PBXVariantGroup section */

/* Begin XCBuildConfiguration section */
		F704C33227FD174200BBDD27 /* Debug */ = {
			isa = XCBuildConfiguration;
			buildSettings = {
				ALWAYS_SEARCH_USER_PATHS = NO;
				CLANG_ANALYZER_NONNULL = YES;
				CLANG_ANALYZER_NUMBER_OBJECT_CONVERSION = YES_AGGRESSIVE;
				CLANG_CXX_LANGUAGE_STANDARD = "gnu++17";
				CLANG_ENABLE_MODULES = YES;
				CLANG_ENABLE_OBJC_ARC = YES;
				CLANG_ENABLE_OBJC_WEAK = YES;
				CLANG_WARN_BLOCK_CAPTURE_AUTORELEASING = YES;
				CLANG_WARN_BOOL_CONVERSION = YES;
				CLANG_WARN_COMMA = YES;
				CLANG_WARN_CONSTANT_CONVERSION = YES;
				CLANG_WARN_DEPRECATED_OBJC_IMPLEMENTATIONS = YES;
				CLANG_WARN_DIRECT_OBJC_ISA_USAGE = YES_ERROR;
				CLANG_WARN_DOCUMENTATION_COMMENTS = YES;
				CLANG_WARN_EMPTY_BODY = YES;
				CLANG_WARN_ENUM_CONVERSION = YES;
				CLANG_WARN_INFINITE_RECURSION = YES;
				CLANG_WARN_INT_CONVERSION = YES;
				CLANG_WARN_NON_LITERAL_NULL_CONVERSION = YES;
				CLANG_WARN_OBJC_IMPLICIT_RETAIN_SELF = YES;
				CLANG_WARN_OBJC_LITERAL_CONVERSION = YES;
				CLANG_WARN_OBJC_ROOT_CLASS = YES_ERROR;
				CLANG_WARN_QUOTED_INCLUDE_IN_FRAMEWORK_HEADER = YES;
				CLANG_WARN_RANGE_LOOP_ANALYSIS = YES;
				CLANG_WARN_STRICT_PROTOTYPES = YES;
				CLANG_WARN_SUSPICIOUS_MOVE = YES;
				CLANG_WARN_UNGUARDED_AVAILABILITY = YES_AGGRESSIVE;
				CLANG_WARN_UNREACHABLE_CODE = YES;
				CLANG_WARN__DUPLICATE_METHOD_MATCH = YES;
				COPY_PHASE_STRIP = NO;
				DEBUG_INFORMATION_FORMAT = dwarf;
				ENABLE_STRICT_OBJC_MSGSEND = YES;
				ENABLE_TESTABILITY = YES;
				GCC_C_LANGUAGE_STANDARD = gnu11;
				GCC_DYNAMIC_NO_PIC = NO;
				GCC_NO_COMMON_BLOCKS = YES;
				GCC_OPTIMIZATION_LEVEL = 0;
				GCC_PREPROCESSOR_DEFINITIONS = (
					"DEBUG=1",
					"$(inherited)",
				);
				GCC_WARN_64_TO_32_BIT_CONVERSION = YES;
				GCC_WARN_ABOUT_RETURN_TYPE = YES_ERROR;
				GCC_WARN_UNDECLARED_SELECTOR = YES;
				GCC_WARN_UNINITIALIZED_AUTOS = YES_AGGRESSIVE;
				GCC_WARN_UNUSED_FUNCTION = YES;
				GCC_WARN_UNUSED_VARIABLE = YES;
				IPHONEOS_DEPLOYMENT_TARGET = 15.4;
				MTL_ENABLE_DEBUG_INFO = INCLUDE_SOURCE;
				MTL_FAST_MATH = YES;
				ONLY_ACTIVE_ARCH = YES;
				SDKROOT = iphoneos;
				SWIFT_ACTIVE_COMPILATION_CONDITIONS = DEBUG;
				SWIFT_OPTIMIZATION_LEVEL = "-Onone";
			};
			name = Debug;
		};
		F704C33327FD174200BBDD27 /* Release */ = {
			isa = XCBuildConfiguration;
			buildSettings = {
				ALWAYS_SEARCH_USER_PATHS = NO;
				CLANG_ANALYZER_NONNULL = YES;
				CLANG_ANALYZER_NUMBER_OBJECT_CONVERSION = YES_AGGRESSIVE;
				CLANG_CXX_LANGUAGE_STANDARD = "gnu++17";
				CLANG_ENABLE_MODULES = YES;
				CLANG_ENABLE_OBJC_ARC = YES;
				CLANG_ENABLE_OBJC_WEAK = YES;
				CLANG_WARN_BLOCK_CAPTURE_AUTORELEASING = YES;
				CLANG_WARN_BOOL_CONVERSION = YES;
				CLANG_WARN_COMMA = YES;
				CLANG_WARN_CONSTANT_CONVERSION = YES;
				CLANG_WARN_DEPRECATED_OBJC_IMPLEMENTATIONS = YES;
				CLANG_WARN_DIRECT_OBJC_ISA_USAGE = YES_ERROR;
				CLANG_WARN_DOCUMENTATION_COMMENTS = YES;
				CLANG_WARN_EMPTY_BODY = YES;
				CLANG_WARN_ENUM_CONVERSION = YES;
				CLANG_WARN_INFINITE_RECURSION = YES;
				CLANG_WARN_INT_CONVERSION = YES;
				CLANG_WARN_NON_LITERAL_NULL_CONVERSION = YES;
				CLANG_WARN_OBJC_IMPLICIT_RETAIN_SELF = YES;
				CLANG_WARN_OBJC_LITERAL_CONVERSION = YES;
				CLANG_WARN_OBJC_ROOT_CLASS = YES_ERROR;
				CLANG_WARN_QUOTED_INCLUDE_IN_FRAMEWORK_HEADER = YES;
				CLANG_WARN_RANGE_LOOP_ANALYSIS = YES;
				CLANG_WARN_STRICT_PROTOTYPES = YES;
				CLANG_WARN_SUSPICIOUS_MOVE = YES;
				CLANG_WARN_UNGUARDED_AVAILABILITY = YES_AGGRESSIVE;
				CLANG_WARN_UNREACHABLE_CODE = YES;
				CLANG_WARN__DUPLICATE_METHOD_MATCH = YES;
				COPY_PHASE_STRIP = NO;
				DEBUG_INFORMATION_FORMAT = "dwarf-with-dsym";
				ENABLE_NS_ASSERTIONS = NO;
				ENABLE_STRICT_OBJC_MSGSEND = YES;
				GCC_C_LANGUAGE_STANDARD = gnu11;
				GCC_NO_COMMON_BLOCKS = YES;
				GCC_WARN_64_TO_32_BIT_CONVERSION = YES;
				GCC_WARN_ABOUT_RETURN_TYPE = YES_ERROR;
				GCC_WARN_UNDECLARED_SELECTOR = YES;
				GCC_WARN_UNINITIALIZED_AUTOS = YES_AGGRESSIVE;
				GCC_WARN_UNUSED_FUNCTION = YES;
				GCC_WARN_UNUSED_VARIABLE = YES;
				IPHONEOS_DEPLOYMENT_TARGET = 15.4;
				MTL_ENABLE_DEBUG_INFO = NO;
				MTL_FAST_MATH = YES;
				SDKROOT = iphoneos;
				SWIFT_COMPILATION_MODE = wholemodule;
				SWIFT_OPTIMIZATION_LEVEL = "-O";
				VALIDATE_PRODUCT = YES;
			};
			name = Release;
		};
		F704C33527FD174200BBDD27 /* Debug */ = {
			isa = XCBuildConfiguration;
			baseConfigurationReference = B18B50E7F42DDA00B51BC5DE /* Pods-AppAnimation.debug.xcconfig */;
			buildSettings = {
				ASSETCATALOG_COMPILER_APPICON_NAME = AppIcon;
				ASSETCATALOG_COMPILER_GLOBAL_ACCENT_COLOR_NAME = AccentColor;
				CODE_SIGN_STYLE = Automatic;
				CURRENT_PROJECT_VERSION = 1;
				DEVELOPMENT_TEAM = ASKBC27NSG;
				GENERATE_INFOPLIST_FILE = YES;
				INFOPLIST_FILE = AppAnimation/App/Info.plist;
				INFOPLIST_KEY_UIApplicationSupportsIndirectInputEvents = YES;
				INFOPLIST_KEY_UILaunchStoryboardName = LaunchScreen;
				INFOPLIST_KEY_UIMainStoryboardFile = Main;
				INFOPLIST_KEY_UISupportedInterfaceOrientations = UIInterfaceOrientationPortrait;
				INFOPLIST_KEY_UISupportedInterfaceOrientations_iPad = "UIInterfaceOrientationPortrait UIInterfaceOrientationPortraitUpsideDown UIInterfaceOrientationLandscapeLeft UIInterfaceOrientationLandscapeRight";
				INFOPLIST_KEY_UISupportedInterfaceOrientations_iPhone = "UIInterfaceOrientationPortrait UIInterfaceOrientationLandscapeLeft UIInterfaceOrientationLandscapeRight";
				LD_RUNPATH_SEARCH_PATHS = (
					"$(inherited)",
					"@executable_path/Frameworks",
				);
				MARKETING_VERSION = 1.0;
				PRODUCT_BUNDLE_IDENTIFIER = com.maximsamus.AppAnimation;
				PRODUCT_NAME = "$(TARGET_NAME)";
				SWIFT_EMIT_LOC_STRINGS = YES;
				SWIFT_VERSION = 5.0;
				TARGETED_DEVICE_FAMILY = 1;
			};
			name = Debug;
		};
		F704C33627FD174200BBDD27 /* Release */ = {
			isa = XCBuildConfiguration;
			baseConfigurationReference = 89B8A3A3A6D2C55E0050A7B4 /* Pods-AppAnimation.release.xcconfig */;
			buildSettings = {
				ASSETCATALOG_COMPILER_APPICON_NAME = AppIcon;
				ASSETCATALOG_COMPILER_GLOBAL_ACCENT_COLOR_NAME = AccentColor;
				CODE_SIGN_STYLE = Automatic;
				CURRENT_PROJECT_VERSION = 1;
				DEVELOPMENT_TEAM = ASKBC27NSG;
				GENERATE_INFOPLIST_FILE = YES;
				INFOPLIST_FILE = AppAnimation/App/Info.plist;
				INFOPLIST_KEY_UIApplicationSupportsIndirectInputEvents = YES;
				INFOPLIST_KEY_UILaunchStoryboardName = LaunchScreen;
				INFOPLIST_KEY_UIMainStoryboardFile = Main;
				INFOPLIST_KEY_UISupportedInterfaceOrientations = UIInterfaceOrientationPortrait;
				INFOPLIST_KEY_UISupportedInterfaceOrientations_iPad = "UIInterfaceOrientationPortrait UIInterfaceOrientationPortraitUpsideDown UIInterfaceOrientationLandscapeLeft UIInterfaceOrientationLandscapeRight";
				INFOPLIST_KEY_UISupportedInterfaceOrientations_iPhone = "UIInterfaceOrientationPortrait UIInterfaceOrientationLandscapeLeft UIInterfaceOrientationLandscapeRight";
				LD_RUNPATH_SEARCH_PATHS = (
					"$(inherited)",
					"@executable_path/Frameworks",
				);
				MARKETING_VERSION = 1.0;
				PRODUCT_BUNDLE_IDENTIFIER = com.maximsamus.AppAnimation;
				PRODUCT_NAME = "$(TARGET_NAME)";
				SWIFT_EMIT_LOC_STRINGS = YES;
				SWIFT_VERSION = 5.0;
				TARGETED_DEVICE_FAMILY = 1;
			};
			name = Release;
		};
/* End XCBuildConfiguration section */

/* Begin XCConfigurationList section */
		F704C31B27FD174100BBDD27 /* Build configuration list for PBXProject "AppAnimation" */ = {
			isa = XCConfigurationList;
			buildConfigurations = (
				F704C33227FD174200BBDD27 /* Debug */,
				F704C33327FD174200BBDD27 /* Release */,
			);
			defaultConfigurationIsVisible = 0;
			defaultConfigurationName = Release;
		};
		F704C33427FD174200BBDD27 /* Build configuration list for PBXNativeTarget "AppAnimation" */ = {
			isa = XCConfigurationList;
			buildConfigurations = (
				F704C33527FD174200BBDD27 /* Debug */,
				F704C33627FD174200BBDD27 /* Release */,
			);
			defaultConfigurationIsVisible = 0;
			defaultConfigurationName = Release;
		};
/* End XCConfigurationList section */
	};
	rootObject = F704C31827FD174100BBDD27 /* Project object */;
}
